// !$*UTF8*$!
{
	archiveVersion = 1;
	classes = {
	};
	objectVersion = 50;
	objects = {

/* Begin PBXBuildFile section */
		07052DD82177411300748554 /* CommonTabelView.swift in Sources */ = {isa = PBXBuildFile; fileRef = 07052DD72177411300748554 /* CommonTabelView.swift */; };
		070791602170CF5600C01F70 /* TopicsStatusViewController.swift in Sources */ = {isa = PBXBuildFile; fileRef = 0707915F2170CF5600C01F70 /* TopicsStatusViewController.swift */; };
		07583C3A2167277D00CE6EB6 /* Chocoed Splash Screen.png in Resources */ = {isa = PBXBuildFile; fileRef = 07583C392167277C00CE6EB6 /* Chocoed Splash Screen.png */; };
		07583C3D21673EFE00CE6EB6 /* ExamComplitionScreenViewController.swift in Sources */ = {isa = PBXBuildFile; fileRef = 07583C3C21673EFE00CE6EB6 /* ExamComplitionScreenViewController.swift */; };
		0770F792216DCAF100FE6132 /* dragExtension.swift in Sources */ = {isa = PBXBuildFile; fileRef = 0770F791216DCAF100FE6132 /* dragExtension.swift */; };
		0770F794216DCBF300FE6132 /* dropExtension.swift in Sources */ = {isa = PBXBuildFile; fileRef = 0770F793216DCBF300FE6132 /* dropExtension.swift */; };
		07869427216F4F3A008DB9FF /* personalityUpgradeViewController.swift in Sources */ = {isa = PBXBuildFile; fileRef = 07869426216F4F3A008DB9FF /* personalityUpgradeViewController.swift */; };
		07869429216F4F6D008DB9FF /* PersonalityUpgradeTableViewCell.swift in Sources */ = {isa = PBXBuildFile; fileRef = 07869428216F4F6D008DB9FF /* PersonalityUpgradeTableViewCell.swift */; };
		07967BF221679FBC00FB0E83 /* MenuBarTableViewCell.swift in Sources */ = {isa = PBXBuildFile; fileRef = 07967BF121679FBC00FB0E83 /* MenuBarTableViewCell.swift */; };
		07994B6521676677007D3890 /* SplitviewViewController.swift in Sources */ = {isa = PBXBuildFile; fileRef = 07994B6421676677007D3890 /* SplitviewViewController.swift */; };
		07994B672167716C007D3890 /* ViewControllerMenubar.swift in Sources */ = {isa = PBXBuildFile; fileRef = 07994B662167716C007D3890 /* ViewControllerMenubar.swift */; };
		07ABDDAC216E10480029CC54 /* MyChoiceSkillsViewController.swift in Sources */ = {isa = PBXBuildFile; fileRef = 07ABDDAB216E10480029CC54 /* MyChoiceSkillsViewController.swift */; };
		07ABDDAE216E10910029CC54 /* MyskillsCollectionViewCell.swift in Sources */ = {isa = PBXBuildFile; fileRef = 07ABDDAD216E10910029CC54 /* MyskillsCollectionViewCell.swift */; };
		07DB9F59216C866500696B5A /* ActivityIndicatorUIView.swift in Sources */ = {isa = PBXBuildFile; fileRef = 07DB9F58216C866500696B5A /* ActivityIndicatorUIView.swift */; };
		07E07B0B216F6A31004DBE2D /* SubViewPersonalityUpgradeViewController.swift in Sources */ = {isa = PBXBuildFile; fileRef = 07E07B0A216F6A31004DBE2D /* SubViewPersonalityUpgradeViewController.swift */; };
		3D754E2B2179CE8B00391BF8 /* my_hand.png in Resources */ = {isa = PBXBuildFile; fileRef = 3D754E2A2179CE8800391BF8 /* my_hand.png */; };
		3D754E2D2179D2E800391BF8 /* hand_image.png in Resources */ = {isa = PBXBuildFile; fileRef = 3D754E2C2179D2E800391BF8 /* hand_image.png */; };
		3DC3AE4D2173930500AE6091 /* icons_user.png in Resources */ = {isa = PBXBuildFile; fileRef = 3DC3AE472173930200AE6091 /* icons_user.png */; };
		3DC3AE4E2173930500AE6091 /* discussion_room.png in Resources */ = {isa = PBXBuildFile; fileRef = 3DC3AE482173930300AE6091 /* discussion_room.png */; };
		3DC3AE4F2173930500AE6091 /* icons_lang.png in Resources */ = {isa = PBXBuildFile; fileRef = 3DC3AE492173930400AE6091 /* icons_lang.png */; };
		3DC3AE502173930500AE6091 /* myprocess_improvement.png in Resources */ = {isa = PBXBuildFile; fileRef = 3DC3AE4A2173930400AE6091 /* myprocess_improvement.png */; };
		3DC3AE512173930500AE6091 /* chat.png in Resources */ = {isa = PBXBuildFile; fileRef = 3DC3AE4B2173930500AE6091 /* chat.png */; };
		3DC3AE522173930500AE6091 /* icon_logout.png in Resources */ = {isa = PBXBuildFile; fileRef = 3DC3AE4C2173930500AE6091 /* icon_logout.png */; };
		3DE2DC0B21746D1400C396BD /* icons_stop_filled.png in Resources */ = {isa = PBXBuildFile; fileRef = 3DE2DC0921746D1300C396BD /* icons_stop_filled.png */; };
		3DE2DC0C21746D1400C396BD /* icons_play.png in Resources */ = {isa = PBXBuildFile; fileRef = 3DE2DC0A21746D1400C396BD /* icons_play.png */; };
		3DF0654B2172EF3C00C26F90 /* ic_arrow_right.png in Resources */ = {isa = PBXBuildFile; fileRef = 3DF065442172EF2C00C26F90 /* ic_arrow_right.png */; };
		3DF0654C2172EF3C00C26F90 /* ic_play_gray.png in Resources */ = {isa = PBXBuildFile; fileRef = 3DF065452172EF2E00C26F90 /* ic_play_gray.png */; };
		3DF0654D2172EF3C00C26F90 /* ic_assessment.png in Resources */ = {isa = PBXBuildFile; fileRef = 3DF065462172EF3000C26F90 /* ic_assessment.png */; };
		3DF0654E2172EF3C00C26F90 /* ic_lock_white.png in Resources */ = {isa = PBXBuildFile; fileRef = 3DF065472172EF3200C26F90 /* ic_lock_white.png */; };
		3DF0654F2172EF3C00C26F90 /* ic_video_play.png in Resources */ = {isa = PBXBuildFile; fileRef = 3DF065482172EF3400C26F90 /* ic_video_play.png */; };
		3DF065502172EF3C00C26F90 /* back.png in Resources */ = {isa = PBXBuildFile; fileRef = 3DF065492172EF3700C26F90 /* back.png */; };
		3DF065512172EF3C00C26F90 /* ic_arrow_left.png in Resources */ = {isa = PBXBuildFile; fileRef = 3DF0654A2172EF3900C26F90 /* ic_arrow_left.png */; };
		3DF065542172F54F00C26F90 /* ContentVC.swift in Sources */ = {isa = PBXBuildFile; fileRef = 3DF065532172F54F00C26F90 /* ContentVC.swift */; };
		3DF065562172F69300C26F90 /* ContentCell.swift in Sources */ = {isa = PBXBuildFile; fileRef = 3DF065552172F69300C26F90 /* ContentCell.swift */; };
		3DF065582172F8E400C26F90 /* PendingAssessment.swift in Sources */ = {isa = PBXBuildFile; fileRef = 3DF065572172F8E400C26F90 /* PendingAssessment.swift */; };
		3DF0655A2172F90600C26F90 /* ExamCell.swift in Sources */ = {isa = PBXBuildFile; fileRef = 3DF065592172F90600C26F90 /* ExamCell.swift */; };
		3DF0655C2172F92500C26F90 /* VideoVC.swift in Sources */ = {isa = PBXBuildFile; fileRef = 3DF0655B2172F92500C26F90 /* VideoVC.swift */; };
		3DFA0E1B2175ED4200F8A611 /* icons_pause.png in Resources */ = {isa = PBXBuildFile; fileRef = 3DFA0E1A2175ED3500F8A611 /* icons_pause.png */; };
		A2B2CB1A25278D36BECB09E6 /* Pods_chocoed.framework in Frameworks */ = {isa = PBXBuildFile; fileRef = 7B250FCA754272F8054867D5 /* Pods_chocoed.framework */; };
		BF20726A2164DDD10038F30B /* PersonalityTestViewController.swift in Sources */ = {isa = PBXBuildFile; fileRef = BF2072692164DDD10038F30B /* PersonalityTestViewController.swift */; };
		BF20E8402156558700CFA53C /* ModelProfileClass.swift in Sources */ = {isa = PBXBuildFile; fileRef = BF20E83F2156558700CFA53C /* ModelProfileClass.swift */; };
		BF20E84421566A0800CFA53C /* WorkExpTableViewCell.swift in Sources */ = {isa = PBXBuildFile; fileRef = BF20E84321566A0700CFA53C /* WorkExpTableViewCell.swift */; };
		BF2358EA214FD0AC00C73BE3 /* AppDelegate.swift in Sources */ = {isa = PBXBuildFile; fileRef = BF2358E9214FD0AC00C73BE3 /* AppDelegate.swift */; };
		BF2358EC214FD0AC00C73BE3 /* ViewController.swift in Sources */ = {isa = PBXBuildFile; fileRef = BF2358EB214FD0AC00C73BE3 /* ViewController.swift */; };
		BF2358EF214FD0AC00C73BE3 /* Main.storyboard in Resources */ = {isa = PBXBuildFile; fileRef = BF2358ED214FD0AC00C73BE3 /* Main.storyboard */; };
		BF2358F1214FD0AE00C73BE3 /* Assets.xcassets in Resources */ = {isa = PBXBuildFile; fileRef = BF2358F0214FD0AE00C73BE3 /* Assets.xcassets */; };
		BF2358F4214FD0AE00C73BE3 /* LaunchScreen.storyboard in Resources */ = {isa = PBXBuildFile; fileRef = BF2358F2214FD0AE00C73BE3 /* LaunchScreen.storyboard */; };
		BF2CBBE02150C4D400E13EA5 /* LoginViewController.swift in Sources */ = {isa = PBXBuildFile; fileRef = BF2CBBDF2150C4D400E13EA5 /* LoginViewController.swift */; };
		BF2CBBE22150C94500E13EA5 /* TextFieldDesign.swift in Sources */ = {isa = PBXBuildFile; fileRef = BF2CBBE12150C94500E13EA5 /* TextFieldDesign.swift */; };
		BF2CBBE62150DC8800E13EA5 /* NewEducationExperienceVC.swift in Sources */ = {isa = PBXBuildFile; fileRef = BF2CBBE52150DC8800E13EA5 /* NewEducationExperienceVC.swift */; };
		BF2CBBE82150DCE400E13EA5 /* NewWorkExperienceVC.swift in Sources */ = {isa = PBXBuildFile; fileRef = BF2CBBE72150DCE400E13EA5 /* NewWorkExperienceVC.swift */; };
		BF2CBBEC2150F6C100E13EA5 /* SignUpViewController.swift in Sources */ = {isa = PBXBuildFile; fileRef = BF2CBBEB2150F6C100E13EA5 /* SignUpViewController.swift */; };
		BF2E5A26215A1CE7005845A9 /* CommonUIElements.swift in Sources */ = {isa = PBXBuildFile; fileRef = BF2E5A25215A1CE7005845A9 /* CommonUIElements.swift */; };
		BF356CBE2154D1E0003CC228 /* ProfileViewController.swift in Sources */ = {isa = PBXBuildFile; fileRef = BF356CBD2154D1E0003CC228 /* ProfileViewController.swift */; };
		BF356CC12155135E003CC228 /* HttpPostRequest.swift in Sources */ = {isa = PBXBuildFile; fileRef = BF356CC02155135E003CC228 /* HttpPostRequest.swift */; };
		BF356CC32155233C003CC228 /* LanguageTableViewCell.swift in Sources */ = {isa = PBXBuildFile; fileRef = BF356CC22155233C003CC228 /* LanguageTableViewCell.swift */; };
		BF356CC52155236C003CC228 /* WorkExpClickedViewController.swift in Sources */ = {isa = PBXBuildFile; fileRef = BF356CC42155236C003CC228 /* WorkExpClickedViewController.swift */; };
		BF356CC821552912003CC228 /* DLRadioButton.m in Sources */ = {isa = PBXBuildFile; fileRef = BF356CC721552912003CC228 /* DLRadioButton.m */; };
		BF40F4372158EB70000C8A3F /* ModelClassLoginId.swift in Sources */ = {isa = PBXBuildFile; fileRef = BF40F4362158EB70000C8A3F /* ModelClassLoginId.swift */; };
		BF40F43A2158FE29000C8A3F /* NewWorkModels.swift in Sources */ = {isa = PBXBuildFile; fileRef = BF40F4392158FE29000C8A3F /* NewWorkModels.swift */; };
		BF40F43C215916E0000C8A3F /* EducationExpTableViewCell.swift in Sources */ = {isa = PBXBuildFile; fileRef = BF40F43B215916E0000C8A3F /* EducationExpTableViewCell.swift */; };
		BF4BE1F1216396260082198D /* BehavioralViewController.swift in Sources */ = {isa = PBXBuildFile; fileRef = BF4BE1F0216396260082198D /* BehavioralViewController.swift */; };
		BF4BE1F32163962F0082198D /* QuizBahaviouralViewController.swift in Sources */ = {isa = PBXBuildFile; fileRef = BF4BE1F22163962F0082198D /* QuizBahaviouralViewController.swift */; };
		BF4BE1F72163964D0082198D /* PsychometricTestViewController.swift in Sources */ = {isa = PBXBuildFile; fileRef = BF4BE1F62163964D0082198D /* PsychometricTestViewController.swift */; };
		BF52BD68215B8B3C00E2BDB9 /* ProfileSucessViewController.swift in Sources */ = {isa = PBXBuildFile; fileRef = BF52BD67215B8B3C00E2BDB9 /* ProfileSucessViewController.swift */; };
		BF6166F12154D1580009B991 /* GettingStartedViewController.swift in Sources */ = {isa = PBXBuildFile; fileRef = BF6166F02154D1580009B991 /* GettingStartedViewController.swift */; };
		BF6166F32154D19D0009B991 /* urlsOfAPICalls.swift in Sources */ = {isa = PBXBuildFile; fileRef = BF6166F22154D19D0009B991 /* urlsOfAPICalls.swift */; };
		BFCD056B215264B4009BE2C9 /* UIScrollView+TPKeyboardAvoidingAdditions.m in Sources */ = {isa = PBXBuildFile; fileRef = BFCD0567215264B3009BE2C9 /* UIScrollView+TPKeyboardAvoidingAdditions.m */; };
		BFCD056C215264B4009BE2C9 /* TPKeyboardAvoidingScrollView.m in Sources */ = {isa = PBXBuildFile; fileRef = BFCD0568215264B4009BE2C9 /* TPKeyboardAvoidingScrollView.m */; };
/* End PBXBuildFile section */

/* Begin PBXFileReference section */
		07052DD72177411300748554 /* CommonTabelView.swift */ = {isa = PBXFileReference; lastKnownFileType = sourcecode.swift; path = CommonTabelView.swift; sourceTree = "<group>"; };
		0707915F2170CF5600C01F70 /* TopicsStatusViewController.swift */ = {isa = PBXFileReference; lastKnownFileType = sourcecode.swift; path = TopicsStatusViewController.swift; sourceTree = "<group>"; };
		07583C392167277C00CE6EB6 /* Chocoed Splash Screen.png */ = {isa = PBXFileReference; lastKnownFileType = image.png; path = "Chocoed Splash Screen.png"; sourceTree = "<group>"; };
		07583C3C21673EFE00CE6EB6 /* ExamComplitionScreenViewController.swift */ = {isa = PBXFileReference; lastKnownFileType = sourcecode.swift; path = ExamComplitionScreenViewController.swift; sourceTree = "<group>"; };
		0770F791216DCAF100FE6132 /* dragExtension.swift */ = {isa = PBXFileReference; lastKnownFileType = sourcecode.swift; path = dragExtension.swift; sourceTree = "<group>"; };
		0770F793216DCBF300FE6132 /* dropExtension.swift */ = {isa = PBXFileReference; lastKnownFileType = sourcecode.swift; path = dropExtension.swift; sourceTree = "<group>"; };
		07869426216F4F3A008DB9FF /* personalityUpgradeViewController.swift */ = {isa = PBXFileReference; lastKnownFileType = sourcecode.swift; path = personalityUpgradeViewController.swift; sourceTree = "<group>"; };
		07869428216F4F6D008DB9FF /* PersonalityUpgradeTableViewCell.swift */ = {isa = PBXFileReference; lastKnownFileType = sourcecode.swift; path = PersonalityUpgradeTableViewCell.swift; sourceTree = "<group>"; };
		07967BF121679FBC00FB0E83 /* MenuBarTableViewCell.swift */ = {isa = PBXFileReference; lastKnownFileType = sourcecode.swift; path = MenuBarTableViewCell.swift; sourceTree = "<group>"; };
		07994B6421676677007D3890 /* SplitviewViewController.swift */ = {isa = PBXFileReference; lastKnownFileType = sourcecode.swift; path = SplitviewViewController.swift; sourceTree = "<group>"; };
		07994B662167716C007D3890 /* ViewControllerMenubar.swift */ = {isa = PBXFileReference; lastKnownFileType = sourcecode.swift; path = ViewControllerMenubar.swift; sourceTree = "<group>"; };
		07ABDDAB216E10480029CC54 /* MyChoiceSkillsViewController.swift */ = {isa = PBXFileReference; lastKnownFileType = sourcecode.swift; path = MyChoiceSkillsViewController.swift; sourceTree = "<group>"; };
		07ABDDAD216E10910029CC54 /* MyskillsCollectionViewCell.swift */ = {isa = PBXFileReference; lastKnownFileType = sourcecode.swift; path = MyskillsCollectionViewCell.swift; sourceTree = "<group>"; };
		07DB9F58216C866500696B5A /* ActivityIndicatorUIView.swift */ = {isa = PBXFileReference; fileEncoding = 4; lastKnownFileType = sourcecode.swift; path = ActivityIndicatorUIView.swift; sourceTree = "<group>"; };
		07E07B0A216F6A31004DBE2D /* SubViewPersonalityUpgradeViewController.swift */ = {isa = PBXFileReference; lastKnownFileType = sourcecode.swift; path = SubViewPersonalityUpgradeViewController.swift; sourceTree = "<group>"; };
		3D754E2A2179CE8800391BF8 /* my_hand.png */ = {isa = PBXFileReference; lastKnownFileType = image.png; path = my_hand.png; sourceTree = "<group>"; };
		3D754E2C2179D2E800391BF8 /* hand_image.png */ = {isa = PBXFileReference; lastKnownFileType = image.png; path = hand_image.png; sourceTree = "<group>"; };
		3DC3AE472173930200AE6091 /* icons_user.png */ = {isa = PBXFileReference; lastKnownFileType = image.png; path = icons_user.png; sourceTree = "<group>"; };
		3DC3AE482173930300AE6091 /* discussion_room.png */ = {isa = PBXFileReference; lastKnownFileType = image.png; path = discussion_room.png; sourceTree = "<group>"; };
		3DC3AE492173930400AE6091 /* icons_lang.png */ = {isa = PBXFileReference; lastKnownFileType = image.png; path = icons_lang.png; sourceTree = "<group>"; };
		3DC3AE4A2173930400AE6091 /* myprocess_improvement.png */ = {isa = PBXFileReference; lastKnownFileType = image.png; path = myprocess_improvement.png; sourceTree = "<group>"; };
		3DC3AE4B2173930500AE6091 /* chat.png */ = {isa = PBXFileReference; lastKnownFileType = image.png; path = chat.png; sourceTree = "<group>"; };
		3DC3AE4C2173930500AE6091 /* icon_logout.png */ = {isa = PBXFileReference; lastKnownFileType = image.png; path = icon_logout.png; sourceTree = "<group>"; };
		3DE2DC0921746D1300C396BD /* icons_stop_filled.png */ = {isa = PBXFileReference; lastKnownFileType = image.png; path = icons_stop_filled.png; sourceTree = "<group>"; };
		3DE2DC0A21746D1400C396BD /* icons_play.png */ = {isa = PBXFileReference; lastKnownFileType = image.png; path = icons_play.png; sourceTree = "<group>"; };
		3DF065442172EF2C00C26F90 /* ic_arrow_right.png */ = {isa = PBXFileReference; lastKnownFileType = image.png; path = ic_arrow_right.png; sourceTree = "<group>"; };
		3DF065452172EF2E00C26F90 /* ic_play_gray.png */ = {isa = PBXFileReference; lastKnownFileType = image.png; path = ic_play_gray.png; sourceTree = "<group>"; };
		3DF065462172EF3000C26F90 /* ic_assessment.png */ = {isa = PBXFileReference; lastKnownFileType = image.png; path = ic_assessment.png; sourceTree = "<group>"; };
		3DF065472172EF3200C26F90 /* ic_lock_white.png */ = {isa = PBXFileReference; lastKnownFileType = image.png; path = ic_lock_white.png; sourceTree = "<group>"; };
		3DF065482172EF3400C26F90 /* ic_video_play.png */ = {isa = PBXFileReference; lastKnownFileType = image.png; path = ic_video_play.png; sourceTree = "<group>"; };
		3DF065492172EF3700C26F90 /* back.png */ = {isa = PBXFileReference; lastKnownFileType = image.png; path = back.png; sourceTree = "<group>"; };
		3DF0654A2172EF3900C26F90 /* ic_arrow_left.png */ = {isa = PBXFileReference; lastKnownFileType = image.png; path = ic_arrow_left.png; sourceTree = "<group>"; };
		3DF065532172F54F00C26F90 /* ContentVC.swift */ = {isa = PBXFileReference; lastKnownFileType = sourcecode.swift; path = ContentVC.swift; sourceTree = "<group>"; };
		3DF065552172F69300C26F90 /* ContentCell.swift */ = {isa = PBXFileReference; lastKnownFileType = sourcecode.swift; path = ContentCell.swift; sourceTree = "<group>"; };
		3DF065572172F8E400C26F90 /* PendingAssessment.swift */ = {isa = PBXFileReference; lastKnownFileType = sourcecode.swift; path = PendingAssessment.swift; sourceTree = "<group>"; };
		3DF065592172F90600C26F90 /* ExamCell.swift */ = {isa = PBXFileReference; lastKnownFileType = sourcecode.swift; path = ExamCell.swift; sourceTree = "<group>"; };
		3DF0655B2172F92500C26F90 /* VideoVC.swift */ = {isa = PBXFileReference; lastKnownFileType = sourcecode.swift; path = VideoVC.swift; sourceTree = "<group>"; };
		3DFA0E1A2175ED3500F8A611 /* icons_pause.png */ = {isa = PBXFileReference; lastKnownFileType = image.png; path = icons_pause.png; sourceTree = "<group>"; };
		3FB7C1FAA18E54982E5C700C /* Pods-chocoed.debug.xcconfig */ = {isa = PBXFileReference; includeInIndex = 1; lastKnownFileType = text.xcconfig; name = "Pods-chocoed.debug.xcconfig"; path = "Pods/Target Support Files/Pods-chocoed/Pods-chocoed.debug.xcconfig"; sourceTree = "<group>"; };
		71D8E08D3C2165BF37086AB1 /* Pods-chocoed.release.xcconfig */ = {isa = PBXFileReference; includeInIndex = 1; lastKnownFileType = text.xcconfig; name = "Pods-chocoed.release.xcconfig"; path = "Pods/Target Support Files/Pods-chocoed/Pods-chocoed.release.xcconfig"; sourceTree = "<group>"; };
		7B250FCA754272F8054867D5 /* Pods_chocoed.framework */ = {isa = PBXFileReference; explicitFileType = wrapper.framework; includeInIndex = 0; path = Pods_chocoed.framework; sourceTree = BUILT_PRODUCTS_DIR; };
		BF2072692164DDD10038F30B /* PersonalityTestViewController.swift */ = {isa = PBXFileReference; fileEncoding = 4; lastKnownFileType = sourcecode.swift; path = PersonalityTestViewController.swift; sourceTree = "<group>"; };
		BF20E83F2156558700CFA53C /* ModelProfileClass.swift */ = {isa = PBXFileReference; fileEncoding = 4; lastKnownFileType = sourcecode.swift; path = ModelProfileClass.swift; sourceTree = "<group>"; };
		BF20E84321566A0700CFA53C /* WorkExpTableViewCell.swift */ = {isa = PBXFileReference; fileEncoding = 4; lastKnownFileType = sourcecode.swift; path = WorkExpTableViewCell.swift; sourceTree = "<group>"; };
		BF2358E6214FD0AC00C73BE3 /* chocoed.app */ = {isa = PBXFileReference; explicitFileType = wrapper.application; includeInIndex = 0; path = chocoed.app; sourceTree = BUILT_PRODUCTS_DIR; };
		BF2358E9214FD0AC00C73BE3 /* AppDelegate.swift */ = {isa = PBXFileReference; lastKnownFileType = sourcecode.swift; path = AppDelegate.swift; sourceTree = "<group>"; };
		BF2358EB214FD0AC00C73BE3 /* ViewController.swift */ = {isa = PBXFileReference; lastKnownFileType = sourcecode.swift; path = ViewController.swift; sourceTree = "<group>"; };
		BF2358EE214FD0AC00C73BE3 /* Base */ = {isa = PBXFileReference; lastKnownFileType = file.storyboard; name = Base; path = Base.lproj/Main.storyboard; sourceTree = "<group>"; };
		BF2358F0214FD0AE00C73BE3 /* Assets.xcassets */ = {isa = PBXFileReference; lastKnownFileType = folder.assetcatalog; path = Assets.xcassets; sourceTree = "<group>"; };
		BF2358F3214FD0AE00C73BE3 /* Base */ = {isa = PBXFileReference; lastKnownFileType = file.storyboard; name = Base; path = Base.lproj/LaunchScreen.storyboard; sourceTree = "<group>"; };
		BF2358F5214FD0AE00C73BE3 /* Info.plist */ = {isa = PBXFileReference; lastKnownFileType = text.plist.xml; path = Info.plist; sourceTree = "<group>"; };
		BF2CBBDF2150C4D400E13EA5 /* LoginViewController.swift */ = {isa = PBXFileReference; lastKnownFileType = sourcecode.swift; path = LoginViewController.swift; sourceTree = "<group>"; };
		BF2CBBE12150C94500E13EA5 /* TextFieldDesign.swift */ = {isa = PBXFileReference; lastKnownFileType = sourcecode.swift; path = TextFieldDesign.swift; sourceTree = "<group>"; };
		BF2CBBE52150DC8800E13EA5 /* NewEducationExperienceVC.swift */ = {isa = PBXFileReference; lastKnownFileType = sourcecode.swift; path = NewEducationExperienceVC.swift; sourceTree = "<group>"; };
		BF2CBBE72150DCE400E13EA5 /* NewWorkExperienceVC.swift */ = {isa = PBXFileReference; lastKnownFileType = sourcecode.swift; path = NewWorkExperienceVC.swift; sourceTree = "<group>"; };
		BF2CBBEB2150F6C100E13EA5 /* SignUpViewController.swift */ = {isa = PBXFileReference; lastKnownFileType = sourcecode.swift; path = SignUpViewController.swift; sourceTree = "<group>"; };
		BF2E5A25215A1CE7005845A9 /* CommonUIElements.swift */ = {isa = PBXFileReference; lastKnownFileType = sourcecode.swift; path = CommonUIElements.swift; sourceTree = "<group>"; };
		BF356CBD2154D1E0003CC228 /* ProfileViewController.swift */ = {isa = PBXFileReference; fileEncoding = 4; lastKnownFileType = sourcecode.swift; path = ProfileViewController.swift; sourceTree = "<group>"; };
		BF356CC02155135E003CC228 /* HttpPostRequest.swift */ = {isa = PBXFileReference; lastKnownFileType = sourcecode.swift; path = HttpPostRequest.swift; sourceTree = "<group>"; };
		BF356CC22155233C003CC228 /* LanguageTableViewCell.swift */ = {isa = PBXFileReference; fileEncoding = 4; lastKnownFileType = sourcecode.swift; path = LanguageTableViewCell.swift; sourceTree = "<group>"; };
		BF356CC42155236C003CC228 /* WorkExpClickedViewController.swift */ = {isa = PBXFileReference; fileEncoding = 4; lastKnownFileType = sourcecode.swift; path = WorkExpClickedViewController.swift; sourceTree = "<group>"; };
		BF356CC621552912003CC228 /* DLRadioButton.h */ = {isa = PBXFileReference; fileEncoding = 4; lastKnownFileType = sourcecode.c.h; path = DLRadioButton.h; sourceTree = "<group>"; };
		BF356CC721552912003CC228 /* DLRadioButton.m */ = {isa = PBXFileReference; fileEncoding = 4; lastKnownFileType = sourcecode.c.objc; path = DLRadioButton.m; sourceTree = "<group>"; };
		BF40F4362158EB70000C8A3F /* ModelClassLoginId.swift */ = {isa = PBXFileReference; fileEncoding = 4; lastKnownFileType = sourcecode.swift; path = ModelClassLoginId.swift; sourceTree = "<group>"; };
		BF40F4392158FE29000C8A3F /* NewWorkModels.swift */ = {isa = PBXFileReference; lastKnownFileType = sourcecode.swift; path = NewWorkModels.swift; sourceTree = "<group>"; };
		BF40F43B215916E0000C8A3F /* EducationExpTableViewCell.swift */ = {isa = PBXFileReference; fileEncoding = 4; lastKnownFileType = sourcecode.swift; path = EducationExpTableViewCell.swift; sourceTree = "<group>"; };
		BF4BE1F0216396260082198D /* BehavioralViewController.swift */ = {isa = PBXFileReference; fileEncoding = 4; lastKnownFileType = sourcecode.swift; path = BehavioralViewController.swift; sourceTree = "<group>"; };
		BF4BE1F22163962F0082198D /* QuizBahaviouralViewController.swift */ = {isa = PBXFileReference; fileEncoding = 4; lastKnownFileType = sourcecode.swift; path = QuizBahaviouralViewController.swift; sourceTree = "<group>"; };
		BF4BE1F62163964D0082198D /* PsychometricTestViewController.swift */ = {isa = PBXFileReference; fileEncoding = 4; lastKnownFileType = sourcecode.swift; path = PsychometricTestViewController.swift; sourceTree = "<group>"; };
		BF52BD67215B8B3C00E2BDB9 /* ProfileSucessViewController.swift */ = {isa = PBXFileReference; fileEncoding = 4; lastKnownFileType = sourcecode.swift; path = ProfileSucessViewController.swift; sourceTree = "<group>"; };
		BF6166F02154D1580009B991 /* GettingStartedViewController.swift */ = {isa = PBXFileReference; fileEncoding = 4; lastKnownFileType = sourcecode.swift; path = GettingStartedViewController.swift; sourceTree = "<group>"; };
		BF6166F22154D19D0009B991 /* urlsOfAPICalls.swift */ = {isa = PBXFileReference; fileEncoding = 4; lastKnownFileType = sourcecode.swift; path = urlsOfAPICalls.swift; sourceTree = "<group>"; };
		BFCD0566215264B3009BE2C9 /* chocoed-Bridging-Header.h */ = {isa = PBXFileReference; lastKnownFileType = sourcecode.c.h; path = "chocoed-Bridging-Header.h"; sourceTree = "<group>"; };
		BFCD0567215264B3009BE2C9 /* UIScrollView+TPKeyboardAvoidingAdditions.m */ = {isa = PBXFileReference; fileEncoding = 4; lastKnownFileType = sourcecode.c.objc; path = "UIScrollView+TPKeyboardAvoidingAdditions.m"; sourceTree = "<group>"; };
		BFCD0568215264B4009BE2C9 /* TPKeyboardAvoidingScrollView.m */ = {isa = PBXFileReference; fileEncoding = 4; lastKnownFileType = sourcecode.c.objc; path = TPKeyboardAvoidingScrollView.m; sourceTree = "<group>"; };
		BFCD0569215264B4009BE2C9 /* UIScrollView+TPKeyboardAvoidingAdditions.h */ = {isa = PBXFileReference; fileEncoding = 4; lastKnownFileType = sourcecode.c.h; path = "UIScrollView+TPKeyboardAvoidingAdditions.h"; sourceTree = "<group>"; };
		BFCD056A215264B4009BE2C9 /* TPKeyboardAvoidingScrollView.h */ = {isa = PBXFileReference; fileEncoding = 4; lastKnownFileType = sourcecode.c.h; path = TPKeyboardAvoidingScrollView.h; sourceTree = "<group>"; };
/* End PBXFileReference section */

/* Begin PBXFrameworksBuildPhase section */
		BF2358E3214FD0AC00C73BE3 /* Frameworks */ = {
			isa = PBXFrameworksBuildPhase;
			buildActionMask = 2147483647;
			files = (
				A2B2CB1A25278D36BECB09E6 /* Pods_chocoed.framework in Frameworks */,
			);
			runOnlyForDeploymentPostprocessing = 0;
		};
/* End PBXFrameworksBuildPhase section */

/* Begin PBXGroup section */
		07583C3B21673EAA00CE6EB6 /* Successful complition Screens */ = {
			isa = PBXGroup;
			children = (
				07994B6421676677007D3890 /* SplitviewViewController.swift */,
				07994B662167716C007D3890 /* ViewControllerMenubar.swift */,
				07967BF121679FBC00FB0E83 /* MenuBarTableViewCell.swift */,
				07583C3C21673EFE00CE6EB6 /* ExamComplitionScreenViewController.swift */,
			);
			path = "Successful complition Screens";
			sourceTree = "<group>";
		};
		07869425216F4F09008DB9FF /* Personality Upgrades */ = {
			isa = PBXGroup;
			children = (
				07869426216F4F3A008DB9FF /* personalityUpgradeViewController.swift */,
				0707915F2170CF5600C01F70 /* TopicsStatusViewController.swift */,
				07E07B0A216F6A31004DBE2D /* SubViewPersonalityUpgradeViewController.swift */,
				07869428216F4F6D008DB9FF /* PersonalityUpgradeTableViewCell.swift */,
			);
			path = "Personality Upgrades";
			sourceTree = "<group>";
		};
		07ABDDAA216E0FA00029CC54 /* MychoiceModule */ = {
			isa = PBXGroup;
			children = (
				07ABDDAB216E10480029CC54 /* MyChoiceSkillsViewController.swift */,
				07ABDDAD216E10910029CC54 /* MyskillsCollectionViewCell.swift */,
			);
			path = MychoiceModule;
			sourceTree = "<group>";
		};
		3DF065432172EEF200C26F90 /* images */ = {
			isa = PBXGroup;
			children = (
				3D754E2C2179D2E800391BF8 /* hand_image.png */,
				3D754E2A2179CE8800391BF8 /* my_hand.png */,
				3DFA0E1A2175ED3500F8A611 /* icons_pause.png */,
				3DE2DC0A21746D1400C396BD /* icons_play.png */,
				3DE2DC0921746D1300C396BD /* icons_stop_filled.png */,
				3DC3AE4B2173930500AE6091 /* chat.png */,
				3DC3AE482173930300AE6091 /* discussion_room.png */,
				3DC3AE4C2173930500AE6091 /* icon_logout.png */,
				3DC3AE492173930400AE6091 /* icons_lang.png */,
				3DC3AE472173930200AE6091 /* icons_user.png */,
				3DC3AE4A2173930400AE6091 /* myprocess_improvement.png */,
				3DF065492172EF3700C26F90 /* back.png */,
				3DF0654A2172EF3900C26F90 /* ic_arrow_left.png */,
				3DF065442172EF2C00C26F90 /* ic_arrow_right.png */,
				3DF065462172EF3000C26F90 /* ic_assessment.png */,
				3DF065472172EF3200C26F90 /* ic_lock_white.png */,
				3DF065452172EF2E00C26F90 /* ic_play_gray.png */,
				3DF065482172EF3400C26F90 /* ic_video_play.png */,
			);
			path = images;
			sourceTree = "<group>";
		};
		3DF065522172F51E00C26F90 /* ContentModule */ = {
			isa = PBXGroup;
			children = (
				3DF065532172F54F00C26F90 /* ContentVC.swift */,
				3DF065552172F69300C26F90 /* ContentCell.swift */,
				3DF065572172F8E400C26F90 /* PendingAssessment.swift */,
				3DF065592172F90600C26F90 /* ExamCell.swift */,
				3DF0655B2172F92500C26F90 /* VideoVC.swift */,
			);
			path = ContentModule;
			sourceTree = "<group>";
		};
		43C0788A6ECEC072412F5644 /* Pods */ = {
			isa = PBXGroup;
			children = (
				3FB7C1FAA18E54982E5C700C /* Pods-chocoed.debug.xcconfig */,
				71D8E08D3C2165BF37086AB1 /* Pods-chocoed.release.xcconfig */,
			);
			name = Pods;
			sourceTree = "<group>";
		};
		BDB1478CD345D30760E7AD19 /* Frameworks */ = {
			isa = PBXGroup;
			children = (
				7B250FCA754272F8054867D5 /* Pods_chocoed.framework */,
			);
			name = Frameworks;
			sourceTree = "<group>";
		};
		BF2358DD214FD0AC00C73BE3 = {
			isa = PBXGroup;
			children = (
				BF2358E8214FD0AC00C73BE3 /* chocoed */,
				BF2358E7214FD0AC00C73BE3 /* Products */,
				43C0788A6ECEC072412F5644 /* Pods */,
				BDB1478CD345D30760E7AD19 /* Frameworks */,
			);
			sourceTree = "<group>";
		};
		BF2358E7214FD0AC00C73BE3 /* Products */ = {
			isa = PBXGroup;
			children = (
				BF2358E6214FD0AC00C73BE3 /* chocoed.app */,
			);
			name = Products;
			sourceTree = "<group>";
		};
		BF2358E8214FD0AC00C73BE3 /* chocoed */ = {
			isa = PBXGroup;
			children = (
				3DF065522172F51E00C26F90 /* ContentModule */,
				3DF065432172EEF200C26F90 /* images */,
				07869425216F4F09008DB9FF /* Personality Upgrades */,
				07ABDDAA216E0FA00029CC54 /* MychoiceModule */,
				07583C3B21673EAA00CE6EB6 /* Successful complition Screens */,
				BF4BE1FA216398680082198D /* ProfileQuiz */,
				BF4BE1EF21638FAF0082198D /* LoginUtilities */,
				BF4BE1EE21638F770082198D /* ProfileUtilities */,
				BF4BE1ED21638F1E0082198D /* EducationUtilities */,
				BF4BE1EC21638EDF0082198D /* WorkUtilities */,
				BF40F4382158FE10000C8A3F /* DropdownListsModels */,
				BF356CBF215512F9003CC228 /* CommonUtilities */,
				BF2358E9214FD0AC00C73BE3 /* AppDelegate.swift */,
				BF2358ED214FD0AC00C73BE3 /* Main.storyboard */,
				BF2358F2214FD0AE00C73BE3 /* LaunchScreen.storyboard */,
				BF2358F5214FD0AE00C73BE3 /* Info.plist */,
				BF2358F0214FD0AE00C73BE3 /* Assets.xcassets */,
				07583C392167277C00CE6EB6 /* Chocoed Splash Screen.png */,
				BFCD0566215264B3009BE2C9 /* chocoed-Bridging-Header.h */,
			);
			path = chocoed;
			sourceTree = "<group>";
		};
		BF356CBF215512F9003CC228 /* CommonUtilities */ = {
			isa = PBXGroup;
			children = (
				BF356CC721552912003CC228 /* DLRadioButton.m */,
				BF356CC621552912003CC228 /* DLRadioButton.h */,
				07DB9F58216C866500696B5A /* ActivityIndicatorUIView.swift */,
				07052DD72177411300748554 /* CommonTabelView.swift */,
				BF6166F22154D19D0009B991 /* urlsOfAPICalls.swift */,
				BF2CBBE12150C94500E13EA5 /* TextFieldDesign.swift */,
				BF356CC02155135E003CC228 /* HttpPostRequest.swift */,
				BF2E5A25215A1CE7005845A9 /* CommonUIElements.swift */,
				BFCD0569215264B4009BE2C9 /* UIScrollView+TPKeyboardAvoidingAdditions.h */,
				BFCD0567215264B3009BE2C9 /* UIScrollView+TPKeyboardAvoidingAdditions.m */,
				BFCD056A215264B4009BE2C9 /* TPKeyboardAvoidingScrollView.h */,
				BFCD0568215264B4009BE2C9 /* TPKeyboardAvoidingScrollView.m */,
			);
			path = CommonUtilities;
			sourceTree = "<group>";
		};
		BF40F4382158FE10000C8A3F /* DropdownListsModels */ = {
			isa = PBXGroup;
			children = (
				BF40F4392158FE29000C8A3F /* NewWorkModels.swift */,
			);
			path = DropdownListsModels;
			sourceTree = "<group>";
		};
		BF4BE1EC21638EDF0082198D /* WorkUtilities */ = {
			isa = PBXGroup;
			children = (
				BF20E84321566A0700CFA53C /* WorkExpTableViewCell.swift */,
				BF2CBBE72150DCE400E13EA5 /* NewWorkExperienceVC.swift */,
				BF356CC42155236C003CC228 /* WorkExpClickedViewController.swift */,
			);
			path = WorkUtilities;
			sourceTree = "<group>";
		};
		BF4BE1ED21638F1E0082198D /* EducationUtilities */ = {
			isa = PBXGroup;
			children = (
				BF2CBBEB2150F6C100E13EA5 /* SignUpViewController.swift */,
				BF40F43B215916E0000C8A3F /* EducationExpTableViewCell.swift */,
				BF2CBBE52150DC8800E13EA5 /* NewEducationExperienceVC.swift */,
			);
			path = EducationUtilities;
			sourceTree = "<group>";
		};
		BF4BE1EE21638F770082198D /* ProfileUtilities */ = {
			isa = PBXGroup;
			children = (
				BF356CBD2154D1E0003CC228 /* ProfileViewController.swift */,
				BF20E83F2156558700CFA53C /* ModelProfileClass.swift */,
				BF6166F02154D1580009B991 /* GettingStartedViewController.swift */,
				BF52BD67215B8B3C00E2BDB9 /* ProfileSucessViewController.swift */,
			);
			path = ProfileUtilities;
			sourceTree = "<group>";
		};
		BF4BE1EF21638FAF0082198D /* LoginUtilities */ = {
			isa = PBXGroup;
			children = (
				BF356CC22155233C003CC228 /* LanguageTableViewCell.swift */,
				BF40F4362158EB70000C8A3F /* ModelClassLoginId.swift */,
				BF2358EB214FD0AC00C73BE3 /* ViewController.swift */,
				BF2CBBDF2150C4D400E13EA5 /* LoginViewController.swift */,
			);
			path = LoginUtilities;
			sourceTree = "<group>";
		};
		BF4BE1FA216398680082198D /* ProfileQuiz */ = {
			isa = PBXGroup;
			children = (
				BF2072692164DDD10038F30B /* PersonalityTestViewController.swift */,
				BF4BE1F0216396260082198D /* BehavioralViewController.swift */,
				BF4BE1F22163962F0082198D /* QuizBahaviouralViewController.swift */,
				0770F791216DCAF100FE6132 /* dragExtension.swift */,
				0770F793216DCBF300FE6132 /* dropExtension.swift */,
				BF4BE1F62163964D0082198D /* PsychometricTestViewController.swift */,
			);
			path = ProfileQuiz;
			sourceTree = "<group>";
		};
/* End PBXGroup section */

/* Begin PBXNativeTarget section */
		BF2358E5214FD0AC00C73BE3 /* chocoed */ = {
			isa = PBXNativeTarget;
			buildConfigurationList = BF2358F8214FD0AE00C73BE3 /* Build configuration list for PBXNativeTarget "chocoed" */;
			buildPhases = (
				D80B9D10BCE5B26D2DA3533F /* [CP] Check Pods Manifest.lock */,
				BF2358E2214FD0AC00C73BE3 /* Sources */,
				BF2358E3214FD0AC00C73BE3 /* Frameworks */,
				BF2358E4214FD0AC00C73BE3 /* Resources */,
				12A45869678DF95CCBDA3078 /* [CP] Embed Pods Frameworks */,
			);
			buildRules = (
			);
			dependencies = (
			);
			name = chocoed;
			productName = chocoed;
			productReference = BF2358E6214FD0AC00C73BE3 /* chocoed.app */;
			productType = "com.apple.product-type.application";
		};
/* End PBXNativeTarget section */

/* Begin PBXProject section */
		BF2358DE214FD0AC00C73BE3 /* Project object */ = {
			isa = PBXProject;
			attributes = {
				LastSwiftUpdateCheck = 0940;
				LastUpgradeCheck = 0940;
				ORGANIZATIONNAME = "barkha sikka";
				TargetAttributes = {
					BF2358E5214FD0AC00C73BE3 = {
						CreatedOnToolsVersion = 9.4.1;
						LastSwiftMigration = 1000;
					};
				};
			};
			buildConfigurationList = BF2358E1214FD0AC00C73BE3 /* Build configuration list for PBXProject "chocoed" */;
			compatibilityVersion = "Xcode 9.3";
			developmentRegion = en;
			hasScannedForEncodings = 0;
			knownRegions = (
				en,
				Base,
			);
			mainGroup = BF2358DD214FD0AC00C73BE3;
			productRefGroup = BF2358E7214FD0AC00C73BE3 /* Products */;
			projectDirPath = "";
			projectRoot = "";
			targets = (
				BF2358E5214FD0AC00C73BE3 /* chocoed */,
			);
		};
/* End PBXProject section */

/* Begin PBXResourcesBuildPhase section */
		BF2358E4214FD0AC00C73BE3 /* Resources */ = {
			isa = PBXResourcesBuildPhase;
			buildActionMask = 2147483647;
			files = (
				3DF065512172EF3C00C26F90 /* ic_arrow_left.png in Resources */,
				3DC3AE502173930500AE6091 /* myprocess_improvement.png in Resources */,
				3DF0654F2172EF3C00C26F90 /* ic_video_play.png in Resources */,
				3DE2DC0C21746D1400C396BD /* icons_play.png in Resources */,
				3DF0654E2172EF3C00C26F90 /* ic_lock_white.png in Resources */,
				3DC3AE522173930500AE6091 /* icon_logout.png in Resources */,
				3DF0654C2172EF3C00C26F90 /* ic_play_gray.png in Resources */,
				3D754E2B2179CE8B00391BF8 /* my_hand.png in Resources */,
				3DFA0E1B2175ED4200F8A611 /* icons_pause.png in Resources */,
				3DE2DC0B21746D1400C396BD /* icons_stop_filled.png in Resources */,
				3DC3AE4F2173930500AE6091 /* icons_lang.png in Resources */,
				07583C3A2167277D00CE6EB6 /* Chocoed Splash Screen.png in Resources */,
				3D754E2D2179D2E800391BF8 /* hand_image.png in Resources */,
				3DF0654B2172EF3C00C26F90 /* ic_arrow_right.png in Resources */,
				3DF0654D2172EF3C00C26F90 /* ic_assessment.png in Resources */,
				3DF065502172EF3C00C26F90 /* back.png in Resources */,
				BF2358F4214FD0AE00C73BE3 /* LaunchScreen.storyboard in Resources */,
				3DC3AE512173930500AE6091 /* chat.png in Resources */,
				BF2358F1214FD0AE00C73BE3 /* Assets.xcassets in Resources */,
				3DC3AE4E2173930500AE6091 /* discussion_room.png in Resources */,
				BF2358EF214FD0AC00C73BE3 /* Main.storyboard in Resources */,
				3DC3AE4D2173930500AE6091 /* icons_user.png in Resources */,
			);
			runOnlyForDeploymentPostprocessing = 0;
		};
/* End PBXResourcesBuildPhase section */

/* Begin PBXShellScriptBuildPhase section */
		12A45869678DF95CCBDA3078 /* [CP] Embed Pods Frameworks */ = {
			isa = PBXShellScriptBuildPhase;
			buildActionMask = 2147483647;
			files = (
			);
			inputPaths = (
				"${SRCROOT}/Pods/Target Support Files/Pods-chocoed/Pods-chocoed-frameworks.sh",
				"${BUILT_PRODUCTS_DIR}/DropDown/DropDown.framework",
				"${BUILT_PRODUCTS_DIR}/PryntTrimmerView/PryntTrimmerView.framework",
				"${BUILT_PRODUCTS_DIR}/SteviaLayout/Stevia.framework",
				"${BUILT_PRODUCTS_DIR}/YPImagePicker/YPImagePicker.framework",
			);
			name = "[CP] Embed Pods Frameworks";
			outputPaths = (
				"${TARGET_BUILD_DIR}/${FRAMEWORKS_FOLDER_PATH}/DropDown.framework",
				"${TARGET_BUILD_DIR}/${FRAMEWORKS_FOLDER_PATH}/PryntTrimmerView.framework",
				"${TARGET_BUILD_DIR}/${FRAMEWORKS_FOLDER_PATH}/Stevia.framework",
				"${TARGET_BUILD_DIR}/${FRAMEWORKS_FOLDER_PATH}/YPImagePicker.framework",
			);
			runOnlyForDeploymentPostprocessing = 0;
			shellPath = /bin/sh;
			shellScript = "\"${SRCROOT}/Pods/Target Support Files/Pods-chocoed/Pods-chocoed-frameworks.sh\"\n";
			showEnvVarsInLog = 0;
		};
		D80B9D10BCE5B26D2DA3533F /* [CP] Check Pods Manifest.lock */ = {
			isa = PBXShellScriptBuildPhase;
			buildActionMask = 2147483647;
			files = (
			);
			inputPaths = (
				"${PODS_PODFILE_DIR_PATH}/Podfile.lock",
				"${PODS_ROOT}/Manifest.lock",
			);
			name = "[CP] Check Pods Manifest.lock";
			outputPaths = (
				"$(DERIVED_FILE_DIR)/Pods-chocoed-checkManifestLockResult.txt",
			);
			runOnlyForDeploymentPostprocessing = 0;
			shellPath = /bin/sh;
			shellScript = "diff \"${PODS_PODFILE_DIR_PATH}/Podfile.lock\" \"${PODS_ROOT}/Manifest.lock\" > /dev/null\nif [ $? != 0 ] ; then\n    # print error to STDERR\n    echo \"error: The sandbox is not in sync with the Podfile.lock. Run 'pod install' or update your CocoaPods installation.\" >&2\n    exit 1\nfi\n# This output is used by Xcode 'outputs' to avoid re-running this script phase.\necho \"SUCCESS\" > \"${SCRIPT_OUTPUT_FILE_0}\"\n";
			showEnvVarsInLog = 0;
		};
/* End PBXShellScriptBuildPhase section */

/* Begin PBXSourcesBuildPhase section */
		BF2358E2214FD0AC00C73BE3 /* Sources */ = {
			isa = PBXSourcesBuildPhase;
			buildActionMask = 2147483647;
			files = (
				BF20E84421566A0800CFA53C /* WorkExpTableViewCell.swift in Sources */,
				BF40F43A2158FE29000C8A3F /* NewWorkModels.swift in Sources */,
				0770F792216DCAF100FE6132 /* dragExtension.swift in Sources */,
				BF356CC32155233C003CC228 /* LanguageTableViewCell.swift in Sources */,
				BFCD056C215264B4009BE2C9 /* TPKeyboardAvoidingScrollView.m in Sources */,
				07869429216F4F6D008DB9FF /* PersonalityUpgradeTableViewCell.swift in Sources */,
				BF2CBBE82150DCE400E13EA5 /* NewWorkExperienceVC.swift in Sources */,
				BF6166F32154D19D0009B991 /* urlsOfAPICalls.swift in Sources */,
				070791602170CF5600C01F70 /* TopicsStatusViewController.swift in Sources */,
				BF2CBBEC2150F6C100E13EA5 /* SignUpViewController.swift in Sources */,
				BF6166F12154D1580009B991 /* GettingStartedViewController.swift in Sources */,
				BF356CC52155236C003CC228 /* WorkExpClickedViewController.swift in Sources */,
				BF4BE1F32163962F0082198D /* QuizBahaviouralViewController.swift in Sources */,
				BF2CBBE02150C4D400E13EA5 /* LoginViewController.swift in Sources */,
				07994B6521676677007D3890 /* SplitviewViewController.swift in Sources */,
				3DF065562172F69300C26F90 /* ContentCell.swift in Sources */,
				3DF0655A2172F90600C26F90 /* ExamCell.swift in Sources */,
				BF20726A2164DDD10038F30B /* PersonalityTestViewController.swift in Sources */,
				07869427216F4F3A008DB9FF /* personalityUpgradeViewController.swift in Sources */,
				BFCD056B215264B4009BE2C9 /* UIScrollView+TPKeyboardAvoidingAdditions.m in Sources */,
				BF20E8402156558700CFA53C /* ModelProfileClass.swift in Sources */,
				07ABDDAC216E10480029CC54 /* MyChoiceSkillsViewController.swift in Sources */,
				BF40F4372158EB70000C8A3F /* ModelClassLoginId.swift in Sources */,
				3DF065542172F54F00C26F90 /* ContentVC.swift in Sources */,
				BF2358EC214FD0AC00C73BE3 /* ViewController.swift in Sources */,
				0770F794216DCBF300FE6132 /* dropExtension.swift in Sources */,
				BF2358EA214FD0AC00C73BE3 /* AppDelegate.swift in Sources */,
				BF356CBE2154D1E0003CC228 /* ProfileViewController.swift in Sources */,
				BF40F43C215916E0000C8A3F /* EducationExpTableViewCell.swift in Sources */,
				07052DD82177411300748554 /* CommonTabelView.swift in Sources */,
				BF356CC12155135E003CC228 /* HttpPostRequest.swift in Sources */,
				3DF0655C2172F92500C26F90 /* VideoVC.swift in Sources */,
				BF356CC821552912003CC228 /* DLRadioButton.m in Sources */,
				07994B672167716C007D3890 /* ViewControllerMenubar.swift in Sources */,
				BF2E5A26215A1CE7005845A9 /* CommonUIElements.swift in Sources */,
				BF52BD68215B8B3C00E2BDB9 /* ProfileSucessViewController.swift in Sources */,
				BF4BE1F1216396260082198D /* BehavioralViewController.swift in Sources */,
				07E07B0B216F6A31004DBE2D /* SubViewPersonalityUpgradeViewController.swift in Sources */,
				BF4BE1F72163964D0082198D /* PsychometricTestViewController.swift in Sources */,
				07DB9F59216C866500696B5A /* ActivityIndicatorUIView.swift in Sources */,
				07583C3D21673EFE00CE6EB6 /* ExamComplitionScreenViewController.swift in Sources */,
				07ABDDAE216E10910029CC54 /* MyskillsCollectionViewCell.swift in Sources */,
				3DF065582172F8E400C26F90 /* PendingAssessment.swift in Sources */,
				BF2CBBE62150DC8800E13EA5 /* NewEducationExperienceVC.swift in Sources */,
				BF2CBBE22150C94500E13EA5 /* TextFieldDesign.swift in Sources */,
				07967BF221679FBC00FB0E83 /* MenuBarTableViewCell.swift in Sources */,
			);
			runOnlyForDeploymentPostprocessing = 0;
		};
/* End PBXSourcesBuildPhase section */

/* Begin PBXVariantGroup section */
		BF2358ED214FD0AC00C73BE3 /* Main.storyboard */ = {
			isa = PBXVariantGroup;
			children = (
				BF2358EE214FD0AC00C73BE3 /* Base */,
			);
			name = Main.storyboard;
			sourceTree = "<group>";
		};
		BF2358F2214FD0AE00C73BE3 /* LaunchScreen.storyboard */ = {
			isa = PBXVariantGroup;
			children = (
				BF2358F3214FD0AE00C73BE3 /* Base */,
			);
			name = LaunchScreen.storyboard;
			sourceTree = "<group>";
		};
/* End PBXVariantGroup section */

/* Begin XCBuildConfiguration section */
		BF2358F6214FD0AE00C73BE3 /* Debug */ = {
			isa = XCBuildConfiguration;
			buildSettings = {
				ALWAYS_SEARCH_USER_PATHS = NO;
				CLANG_ANALYZER_LOCALIZABILITY_NONLOCALIZED = YES;
				CLANG_ANALYZER_NONNULL = YES;
				CLANG_ANALYZER_NUMBER_OBJECT_CONVERSION = YES_AGGRESSIVE;
				CLANG_CXX_LANGUAGE_STANDARD = "gnu++14";
				CLANG_CXX_LIBRARY = "libc++";
				CLANG_ENABLE_MODULES = YES;
				CLANG_ENABLE_OBJC_ARC = YES;
				CLANG_ENABLE_OBJC_WEAK = YES;
				CLANG_WARN_BLOCK_CAPTURE_AUTORELEASING = YES;
				CLANG_WARN_BOOL_CONVERSION = YES;
				CLANG_WARN_COMMA = YES;
				CLANG_WARN_CONSTANT_CONVERSION = YES;
				CLANG_WARN_DEPRECATED_OBJC_IMPLEMENTATIONS = YES;
				CLANG_WARN_DIRECT_OBJC_ISA_USAGE = YES_ERROR;
				CLANG_WARN_DOCUMENTATION_COMMENTS = YES;
				CLANG_WARN_EMPTY_BODY = YES;
				CLANG_WARN_ENUM_CONVERSION = YES;
				CLANG_WARN_INFINITE_RECURSION = YES;
				CLANG_WARN_INT_CONVERSION = YES;
				CLANG_WARN_NON_LITERAL_NULL_CONVERSION = YES;
				CLANG_WARN_OBJC_IMPLICIT_RETAIN_SELF = YES;
				CLANG_WARN_OBJC_LITERAL_CONVERSION = YES;
				CLANG_WARN_OBJC_ROOT_CLASS = YES_ERROR;
				CLANG_WARN_RANGE_LOOP_ANALYSIS = YES;
				CLANG_WARN_STRICT_PROTOTYPES = YES;
				CLANG_WARN_SUSPICIOUS_MOVE = YES;
				CLANG_WARN_UNGUARDED_AVAILABILITY = YES_AGGRESSIVE;
				CLANG_WARN_UNREACHABLE_CODE = YES;
				CLANG_WARN__DUPLICATE_METHOD_MATCH = YES;
				CODE_SIGN_IDENTITY = "iPhone Developer";
				COPY_PHASE_STRIP = NO;
				DEBUG_INFORMATION_FORMAT = dwarf;
				ENABLE_STRICT_OBJC_MSGSEND = YES;
				ENABLE_TESTABILITY = YES;
				GCC_C_LANGUAGE_STANDARD = gnu11;
				GCC_DYNAMIC_NO_PIC = NO;
				GCC_NO_COMMON_BLOCKS = YES;
				GCC_OPTIMIZATION_LEVEL = 0;
				GCC_PREPROCESSOR_DEFINITIONS = (
					"DEBUG=1",
					"$(inherited)",
				);
				GCC_WARN_64_TO_32_BIT_CONVERSION = YES;
				GCC_WARN_ABOUT_RETURN_TYPE = YES_ERROR;
				GCC_WARN_UNDECLARED_SELECTOR = YES;
				GCC_WARN_UNINITIALIZED_AUTOS = YES_AGGRESSIVE;
				GCC_WARN_UNUSED_FUNCTION = YES;
				GCC_WARN_UNUSED_VARIABLE = YES;
				IPHONEOS_DEPLOYMENT_TARGET = 11.4;
				MTL_ENABLE_DEBUG_INFO = YES;
				ONLY_ACTIVE_ARCH = YES;
				SDKROOT = iphoneos;
				SWIFT_ACTIVE_COMPILATION_CONDITIONS = DEBUG;
				SWIFT_OPTIMIZATION_LEVEL = "-Onone";
			};
			name = Debug;
		};
		BF2358F7214FD0AE00C73BE3 /* Release */ = {
			isa = XCBuildConfiguration;
			buildSettings = {
				ALWAYS_SEARCH_USER_PATHS = NO;
				CLANG_ANALYZER_LOCALIZABILITY_NONLOCALIZED = YES;
				CLANG_ANALYZER_NONNULL = YES;
				CLANG_ANALYZER_NUMBER_OBJECT_CONVERSION = YES_AGGRESSIVE;
				CLANG_CXX_LANGUAGE_STANDARD = "gnu++14";
				CLANG_CXX_LIBRARY = "libc++";
				CLANG_ENABLE_MODULES = YES;
				CLANG_ENABLE_OBJC_ARC = YES;
				CLANG_ENABLE_OBJC_WEAK = YES;
				CLANG_WARN_BLOCK_CAPTURE_AUTORELEASING = YES;
				CLANG_WARN_BOOL_CONVERSION = YES;
				CLANG_WARN_COMMA = YES;
				CLANG_WARN_CONSTANT_CONVERSION = YES;
				CLANG_WARN_DEPRECATED_OBJC_IMPLEMENTATIONS = YES;
				CLANG_WARN_DIRECT_OBJC_ISA_USAGE = YES_ERROR;
				CLANG_WARN_DOCUMENTATION_COMMENTS = YES;
				CLANG_WARN_EMPTY_BODY = YES;
				CLANG_WARN_ENUM_CONVERSION = YES;
				CLANG_WARN_INFINITE_RECURSION = YES;
				CLANG_WARN_INT_CONVERSION = YES;
				CLANG_WARN_NON_LITERAL_NULL_CONVERSION = YES;
				CLANG_WARN_OBJC_IMPLICIT_RETAIN_SELF = YES;
				CLANG_WARN_OBJC_LITERAL_CONVERSION = YES;
				CLANG_WARN_OBJC_ROOT_CLASS = YES_ERROR;
				CLANG_WARN_RANGE_LOOP_ANALYSIS = YES;
				CLANG_WARN_STRICT_PROTOTYPES = YES;
				CLANG_WARN_SUSPICIOUS_MOVE = YES;
				CLANG_WARN_UNGUARDED_AVAILABILITY = YES_AGGRESSIVE;
				CLANG_WARN_UNREACHABLE_CODE = YES;
				CLANG_WARN__DUPLICATE_METHOD_MATCH = YES;
				CODE_SIGN_IDENTITY = "iPhone Developer";
				COPY_PHASE_STRIP = NO;
				DEBUG_INFORMATION_FORMAT = "dwarf-with-dsym";
				ENABLE_NS_ASSERTIONS = NO;
				ENABLE_STRICT_OBJC_MSGSEND = YES;
				GCC_C_LANGUAGE_STANDARD = gnu11;
				GCC_NO_COMMON_BLOCKS = YES;
				GCC_WARN_64_TO_32_BIT_CONVERSION = YES;
				GCC_WARN_ABOUT_RETURN_TYPE = YES_ERROR;
				GCC_WARN_UNDECLARED_SELECTOR = YES;
				GCC_WARN_UNINITIALIZED_AUTOS = YES_AGGRESSIVE;
				GCC_WARN_UNUSED_FUNCTION = YES;
				GCC_WARN_UNUSED_VARIABLE = YES;
				IPHONEOS_DEPLOYMENT_TARGET = 11.4;
				MTL_ENABLE_DEBUG_INFO = NO;
				SDKROOT = iphoneos;
				SWIFT_COMPILATION_MODE = wholemodule;
				SWIFT_OPTIMIZATION_LEVEL = "-O";
				VALIDATE_PRODUCT = YES;
			};
			name = Release;
		};
		BF2358F9214FD0AE00C73BE3 /* Debug */ = {
			isa = XCBuildConfiguration;
			baseConfigurationReference = 3FB7C1FAA18E54982E5C700C /* Pods-chocoed.debug.xcconfig */;
			buildSettings = {
				ASSETCATALOG_COMPILER_APPICON_NAME = AppIcon;
				CLANG_ENABLE_MODULES = YES;
				CODE_SIGN_IDENTITY = "iPhone Developer";
				CODE_SIGN_STYLE = Automatic;
				DEVELOPMENT_TEAM = WFBZ498FZ4;
				INFOPLIST_FILE = chocoed/Info.plist;
				IPHONEOS_DEPLOYMENT_TARGET = 11.0;
				LD_RUNPATH_SEARCH_PATHS = (
					"$(inherited)",
					"@executable_path/Frameworks",
				);
				PRODUCT_BUNDLE_IDENTIFIER = com.chocoed;
				PRODUCT_NAME = "$(TARGET_NAME)";
				PROVISIONING_PROFILE_SPECIFIER = "";
				SWIFT_OBJC_BRIDGING_HEADER = "chocoed/chocoed-Bridging-Header.h";
				SWIFT_OPTIMIZATION_LEVEL = "-Onone";
				SWIFT_VERSION = 4.0;
				TARGETED_DEVICE_FAMILY = "1,2";
			};
			name = Debug;
		};
		BF2358FA214FD0AE00C73BE3 /* Release */ = {
			isa = XCBuildConfiguration;
			baseConfigurationReference = 71D8E08D3C2165BF37086AB1 /* Pods-chocoed.release.xcconfig */;
			buildSettings = {
				ASSETCATALOG_COMPILER_APPICON_NAME = AppIcon;
				CLANG_ENABLE_MODULES = YES;
				CODE_SIGN_IDENTITY = "iPhone Developer";
				CODE_SIGN_STYLE = Automatic;
				DEVELOPMENT_TEAM = WFBZ498FZ4;
				INFOPLIST_FILE = chocoed/Info.plist;
				IPHONEOS_DEPLOYMENT_TARGET = 11.0;
				LD_RUNPATH_SEARCH_PATHS = (
					"$(inherited)",
					"@executable_path/Frameworks",
				);
				PRODUCT_BUNDLE_IDENTIFIER = com.chocoed;
				PRODUCT_NAME = "$(TARGET_NAME)";
				PROVISIONING_PROFILE_SPECIFIER = "";
				SWIFT_OBJC_BRIDGING_HEADER = "chocoed/chocoed-Bridging-Header.h";
				SWIFT_VERSION = 4.0;
				TARGETED_DEVICE_FAMILY = "1,2";
			};
			name = Release;
		};
/* End XCBuildConfiguration section */

/* Begin XCConfigurationList section */
		BF2358E1214FD0AC00C73BE3 /* Build configuration list for PBXProject "chocoed" */ = {
			isa = XCConfigurationList;
			buildConfigurations = (
				BF2358F6214FD0AE00C73BE3 /* Debug */,
				BF2358F7214FD0AE00C73BE3 /* Release */,
			);
			defaultConfigurationIsVisible = 0;
			defaultConfigurationName = Release;
		};
		BF2358F8214FD0AE00C73BE3 /* Build configuration list for PBXNativeTarget "chocoed" */ = {
			isa = XCConfigurationList;
			buildConfigurations = (
				BF2358F9214FD0AE00C73BE3 /* Debug */,
				BF2358FA214FD0AE00C73BE3 /* Release */,
			);
			defaultConfigurationIsVisible = 0;
			defaultConfigurationName = Release;
		};
/* End XCConfigurationList section */
	};
	rootObject = BF2358DE214FD0AC00C73BE3 /* Project object */;
}
